# THIS IS AN AUTOGENERATED FILE. DO NOT EDIT THIS FILE DIRECTLY.
# yarn lockfile v1


"@angular/animations@^8.2.7":
  version "8.2.7"
  resolved "https://registry.yarnpkg.com/@angular/animations/-/animations-8.2.7.tgz#643b673e705eb10f9a0f7199de0498d635d2314c"
  integrity sha512-Q17WadeM0WnL97Qt2xGB4LonQrVEsefjC9kUYDOIzEY9Z70eBGfH2ak6rBzlWpDmxCpIFOxEDQy/Dd3z7/nr6g==
  dependencies:
    tslib "^1.9.0"

"@angular/cdk@^8.2.0":
  version "8.2.0"
  resolved "https://registry.yarnpkg.com/@angular/cdk/-/cdk-8.2.0.tgz#fe183aaf9907421086e413a80af6ec0995983a9d"
  integrity sha512-vsjKiUirICP9fTxnBT3jjqW14ipZLJPkyT3dKZQETKcml1fTY1L9QVXclvLTeUliuPSl490anuBvpQpfMeJDhQ==
  dependencies:
    tslib "^1.7.1"
  optionalDependencies:
    parse5 "^5.0.0"

"@angular/material@^8.2.0":
  version "8.2.0"
  resolved "https://registry.yarnpkg.com/@angular/material/-/material-8.2.0.tgz#a99bbe5347ef0197bc4ad29228798608a62308aa"
  integrity sha512-4EY3QilEXS09+10WYwkunEltReuPDByb2ulWw2FLG3wpmMpCp4p6AKY9v9xS3sGvb708S0b9vlfLG4FbepmBbA==
  dependencies:
    tslib "^1.7.1"

parse5@^5.0.0:
  version "5.1.0"
  resolved "https://registry.yarnpkg.com/parse5/-/parse5-5.1.0.tgz#c59341c9723f414c452975564c7c00a68d58acd2"
  integrity sha512-fxNG2sQjHvlVAYmzBZS9YlDp6PTSSDwa98vkD4QgVDDCAo84z5X1t5XyJQ62ImdLXx5NdIIfihey6xpum9/gRQ==

tslib@^1.7.1, tslib@^1.9.0:
  version "1.10.0"
  resolved "https://registry.yarnpkg.com/tslib/-/tslib-1.10.0.tgz#c3c19f95973fb0a62973fb09d90d961ee43e5c8a"
  integrity sha512-qOebF53frne81cf0S9B41ByenJ3/IuH8yJKngAX35CmiZySA0khhkovshKK+jGCaMnVomla7gVlIcc3EvKPbTQ==
